
Microsoft Visual Studio Solution File, Format Version 12.00
# Visual Studio Version 16
VisualStudioVersion = 16.0.30804.86
MinimumVisualStudioVersion = 10.0.40219.1
Project("{FAE04EC0-301F-11D3-BF4B-00C04F79EFBC}") = "demoOauth2", "demoOauth2\demoOauth2.csproj", "{49B797F8-CE8C-4D6E-ACB2-3161ABC78B3D}"
EndProject
Global
	GlobalSection(SolutionConfigurationPlatforms) = preSolution
		Debug|Any CPU = Debug|Any CPU
		Release|Any CPU = Release|Any CPU
	EndGlobalSection
	GlobalSection(ProjectConfigurationPlatforms) = postSolution
		{49B797F8-CE8C-4D6E-ACB2-3161ABC78B3D}.Debug|Any CPU.ActiveCfg = Debug|Any CPU
		{49B797F8-CE8C-4D6E-ACB2-3161ABC78B3D}.Debug|Any CPU.Build.0 = Debug|Any CPU
		{49B797F8-CE8C-4D6E-ACB2-3161ABC78B3D}.Release|Any CPU.ActiveCfg = Release|Any CPU
		{49B797F8-CE8C-4D6E-ACB2-3161ABC78B3D}.Release|Any CPU.Build.0 = Release|Any CPU
	EndGlobalSection
	GlobalSection(SolutionProperties) = preSolution
		HideSolutionNode = FALSE
	EndGlobalSection
	GlobalSection(ExtensibilityGlobals) = postSolution
		SolutionGuid = {EC5F1AB6-883D-4123-9717-9A824E67E88F}
	EndGlobalSection
EndGlobal
